// !$*UTF8*$!
{
	archiveVersion = 1;
	classes = {
	};
	objectVersion = 77;
	objects = {

/* Begin PBXContainerItemProxy section */
		48AC48B12CCF562E00183D55 /* PBXContainerItemProxy */ = {
			isa = PBXContainerItemProxy;
			containerPortal = 48AC48982CCF562B00183D55 /* Project object */;
			proxyType = 1;
			remoteGlobalIDString = 48AC489F2CCF562B00183D55;
			remoteInfo = "Hello Swift UI";
		};
		48AC48BB2CCF562E00183D55 /* PBXContainerItemProxy */ = {
			isa = PBXContainerItemProxy;
			containerPortal = 48AC48982CCF562B00183D55 /* Project object */;
			proxyType = 1;
			remoteGlobalIDString = 48AC489F2CCF562B00183D55;
			remoteInfo = "Hello Swift UI";
		};
/* End PBXContainerItemProxy section */

/* Begin PBXFileReference section */
		48AC48A02CCF562B00183D55 /* Hello Swift UI.app */ = {isa = PBXFileReference; explicitFileType = wrapper.application; includeInIndex = 0; path = "Hello Swift UI.app"; sourceTree = BUILT_PRODUCTS_DIR; };
		48AC48B02CCF562E00183D55 /* Hello Swift UITests.xctest */ = {isa = PBXFileReference; explicitFileType = wrapper.cfbundle; includeInIndex = 0; path = "Hello Swift UITests.xctest"; sourceTree = BUILT_PRODUCTS_DIR; };
		48AC48BA2CCF562E00183D55 /* Hello Swift UIUITests.xctest */ = {isa = PBXFileReference; explicitFileType = wrapper.cfbundle; includeInIndex = 0; path = "Hello Swift UIUITests.xctest"; sourceTree = BUILT_PRODUCTS_DIR; };
/* End PBXFileReference section */

/* Begin PBXFileSystemSynchronizedRootGroup section */
		48AC48A22CCF562B00183D55 /* Hello Swift UI */ = {
			isa = PBXFileSystemSynchronizedRootGroup;
			path = "Hello Swift UI";
			sourceTree = "<group>";
		};
		48AC48B32CCF562E00183D55 /* Hello Swift UITests */ = {
			isa = PBXFileSystemSynchronizedRootGroup;
			path = "Hello Swift UITests";
			sourceTree = "<group>";
		};
		48AC48BD2CCF562E00183D55 /* Hello Swift UIUITests */ = {
			isa = PBXFileSystemSynchronizedRootGroup;
			path = "Hello Swift UIUITests";
			sourceTree = "<group>";
		};
/* End PBXFileSystemSynchronizedRootGroup section */

/* Begin PBXFrameworksBuildPhase section */
		48AC489D2CCF562B00183D55 /* Frameworks */ = {
			isa = PBXFrameworksBuildPhase;
			buildActionMask = 2147483647;
			files = (
			);
			runOnlyForDeploymentPostprocessing = 0;
		};
		48AC48AD2CCF562E00183D55 /* Frameworks */ = {
			isa = PBXFrameworksBuildPhase;
			buildActionMask = 2147483647;
			files = (
			);
			runOnlyForDeploymentPostprocessing = 0;
		};
		48AC48B72CCF562E00183D55 /* Frameworks */ = {
			isa = PBXFrameworksBuildPhase;
			buildActionMask = 2147483647;
			files = (
			);
			runOnlyForDeploymentPostprocessing = 0;
		};
/* End PBXFrameworksBuildPhase section */

/* Begin PBXGroup section */
		48AC48972CCF562B00183D55 = {
			isa = PBXGroup;
			children = (
				48AC48A22CCF562B00183D55 /* Hello Swift UI */,
				48AC48B32CCF562E00183D55 /* Hello Swift UITests */,
				48AC48BD2CCF562E00183D55 /* Hello Swift UIUITests */,
				48AC48A12CCF562B00183D55 /* Products */,
			);
			sourceTree = "<group>";
		};
		48AC48A12CCF562B00183D55 /* Products */ = {
			isa = PBXGroup;
			children = (
				48AC48A02CCF562B00183D55 /* Hello Swift UI.app */,
				48AC48B02CCF562E00183D55 /* Hello Swift UITests.xctest */,
				48AC48BA2CCF562E00183D55 /* Hello Swift UIUITests.xctest */,
			);
			name = Products;
			sourceTree = "<group>";
		};
/* End PBXGroup section */

/* Begin PBXNativeTarget section */
		48AC489F2CCF562B00183D55 /* Hello Swift UI */ = {
			isa = PBXNativeTarget;
			buildConfigurationList = 48AC48C42CCF562E00183D55 /* Build configuration list for PBXNativeTarget "Hello Swift UI" */;
			buildPhases = (
				48AC489C2CCF562B00183D55 /* Sources */,
				48AC489D2CCF562B00183D55 /* Frameworks */,
				48AC489E2CCF562B00183D55 /* Resources */,
			);
			buildRules = (
			);
			dependencies = (
			);
			fileSystemSynchronizedGroups = (
				48AC48A22CCF562B00183D55 /* Hello Swift UI */,
			);
			name = "Hello Swift UI";
			packageProductDependencies = (
			);
			productName = "Hello Swift UI";
			productReference = 48AC48A02CCF562B00183D55 /* Hello Swift UI.app */;
			productType = "com.apple.product-type.application";
		};
		48AC48AF2CCF562E00183D55 /* Hello Swift UITests */ = {
			isa = PBXNativeTarget;
			buildConfigurationList = 48AC48C72CCF562E00183D55 /* Build configuration list for PBXNativeTarget "Hello Swift UITests" */;
			buildPhases = (
				48AC48AC2CCF562E00183D55 /* Sources */,
				48AC48AD2CCF562E00183D55 /* Frameworks */,
				48AC48AE2CCF562E00183D55 /* Resources */,
			);
			buildRules = (
			);
			dependencies = (
				48AC48B22CCF562E00183D55 /* PBXTargetDependency */,
			);
			fileSystemSynchronizedGroups = (
				48AC48B32CCF562E00183D55 /* Hello Swift UITests */,
			);
			name = "Hello Swift UITests";
			packageProductDependencies = (
			);
			productName = "Hello Swift UITests";
			productReference = 48AC48B02CCF562E00183D55 /* Hello Swift UITests.xctest */;
			productType = "com.apple.product-type.bundle.unit-test";
		};
		48AC48B92CCF562E00183D55 /* Hello Swift UIUITests */ = {
			isa = PBXNativeTarget;
			buildConfigurationList = 48AC48CA2CCF562E00183D55 /* Build configuration list for PBXNativeTarget "Hello Swift UIUITests" */;
			buildPhases = (
				48AC48B62CCF562E00183D55 /* Sources */,
				48AC48B72CCF562E00183D55 /* Frameworks */,
				48AC48B82CCF562E00183D55 /* Resources */,
			);
			buildRules = (
			);
			dependencies = (
				48AC48BC2CCF562E00183D55 /* PBXTargetDependency */,
			);
			fileSystemSynchronizedGroups = (
				48AC48BD2CCF562E00183D55 /* Hello Swift UIUITests */,
			);
			name = "Hello Swift UIUITests";
			packageProductDependencies = (
			);
			productName = "Hello Swift UIUITests";
			productReference = 48AC48BA2CCF562E00183D55 /* Hello Swift UIUITests.xctest */;
			productType = "com.apple.product-type.bundle.ui-testing";
		};
/* End PBXNativeTarget section */

/* Begin PBXProject section */
		48AC48982CCF562B00183D55 /* Project object */ = {
			isa = PBXProject;
			attributes = {
				BuildIndependentTargetsInParallel = 1;
				LastSwiftUpdateCheck = 1600;
				LastUpgradeCheck = 1600;
				TargetAttributes = {
					48AC489F2CCF562B00183D55 = {
						CreatedOnToolsVersion = 16.0;
					};
					48AC48AF2CCF562E00183D55 = {
						CreatedOnToolsVersion = 16.0;
						TestTargetID = 48AC489F2CCF562B00183D55;
					};
					48AC48B92CCF562E00183D55 = {
						CreatedOnToolsVersion = 16.0;
						TestTargetID = 48AC489F2CCF562B00183D55;
					};
				};
			};
			buildConfigurationList = 48AC489B2CCF562B00183D55 /* Build configuration list for PBXProject "Hello Swift UI" */;
			developmentRegion = en;
			hasScannedForEncodings = 0;
			knownRegions = (
				en,
				Base,
			);
			mainGroup = 48AC48972CCF562B00183D55;
			minimizedProjectReferenceProxies = 1;
			preferredProjectObjectVersion = 77;
			productRefGroup = 48AC48A12CCF562B00183D55 /* Products */;
			projectDirPath = "";
			projectRoot = "";
			targets = (
				48AC489F2CCF562B00183D55 /* Hello Swift UI */,
				48AC48AF2CCF562E00183D55 /* Hello Swift UITests */,
				48AC48B92CCF562E00183D55 /* Hello Swift UIUITests */,
			);
		};
/* End PBXProject section */

/* Begin PBXResourcesBuildPhase section */
		48AC489E2CCF562B00183D55 /* Resources */ = {
			isa = PBXResourcesBuildPhase;
			buildActionMask = 2147483647;
			files = (
			);
			runOnlyForDeploymentPostprocessing = 0;
		};
		48AC48AE2CCF562E00183D55 /* Resources */ = {
			isa = PBXResourcesBuildPhase;
			buildActionMask = 2147483647;
			files = (
			);
			runOnlyForDeploymentPostprocessing = 0;
		};
		48AC48B82CCF562E00183D55 /* Resources */ = {
			isa = PBXResourcesBuildPhase;
			buildActionMask = 2147483647;
			files = (
			);
			runOnlyForDeploymentPostprocessing = 0;
		};
/* End PBXResourcesBuildPhase section */

/* Begin PBXSourcesBuildPhase section */
		48AC489C2CCF562B00183D55 /* Sources */ = {
			isa = PBXSourcesBuildPhase;
			buildActionMask = 2147483647;
			files = (
			);
			runOnlyForDeploymentPostprocessing = 0;
		};
		48AC48AC2CCF562E00183D55 /* Sources */ = {
			isa = PBXSourcesBuildPhase;
			buildActionMask = 2147483647;
			files = (
			);
			runOnlyForDeploymentPostprocessing = 0;
		};
		48AC48B62CCF562E00183D55 /* Sources */ = {
			isa = PBXSourcesBuildPhase;
			buildActionMask = 2147483647;
			files = (
			);
			runOnlyForDeploymentPostprocessing = 0;
		};
/* End PBXSourcesBuildPhase section */

/* Begin PBXTargetDependency section */
		48AC48B22CCF562E00183D55 /* PBXTargetDependency */ = {
			isa = PBXTargetDependency;
			target = 48AC489F2CCF562B00183D55 /* Hello Swift UI */;
			targetProxy = 48AC48B12CCF562E00183D55 /* PBXContainerItemProxy */;
		};
		48AC48BC2CCF562E00183D55 /* PBXTargetDependency */ = {
			isa = PBXTargetDependency;
			target = 48AC489F2CCF562B00183D55 /* Hello Swift UI */;
			targetProxy = 48AC48BB2CCF562E00183D55 /* PBXContainerItemProxy */;
		};
/* End PBXTargetDependency section */

/* Begin XCBuildConfiguration section */
		48AC48C22CCF562E00183D55 /* Debug */ = {
			isa = XCBuildConfiguration;
			buildSettings = {
				ALWAYS_SEARCH_USER_PATHS = NO;
				ASSETCATALOG_COMPILER_GENERATE_SWIFT_ASSET_SYMBOL_EXTENSIONS = YES;
				CLANG_ANALYZER_NONNULL = YES;
				CLANG_ANALYZER_NUMBER_OBJECT_CONVERSION = YES_AGGRESSIVE;
				CLANG_CXX_LANGUAGE_STANDARD = "gnu++20";
				CLANG_ENABLE_MODULES = YES;
				CLANG_ENABLE_OBJC_ARC = YES;
				CLANG_ENABLE_OBJC_WEAK = YES;
				CLANG_WARN_BLOCK_CAPTURE_AUTORELEASING = YES;
				CLANG_WARN_BOOL_CONVERSION = YES;
				CLANG_WARN_COMMA = YES;
				CLANG_WARN_CONSTANT_CONVERSION = YES;
				CLANG_WARN_DEPRECATED_OBJC_IMPLEMENTATIONS = YES;
				CLANG_WARN_DIRECT_OBJC_ISA_USAGE = YES_ERROR;
				CLANG_WARN_DOCUMENTATION_COMMENTS = YES;
				CLANG_WARN_EMPTY_BODY = YES;
				CLANG_WARN_ENUM_CONVERSION = YES;
				CLANG_WARN_INFINITE_RECURSION = YES;
				CLANG_WARN_INT_CONVERSION = YES;
				CLANG_WARN_NON_LITERAL_NULL_CONVERSION = YES;
				CLANG_WARN_OBJC_IMPLICIT_RETAIN_SELF = YES;
				CLANG_WARN_OBJC_LITERAL_CONVERSION = YES;
				CLANG_WARN_OBJC_ROOT_CLASS = YES_ERROR;
				CLANG_WARN_QUOTED_INCLUDE_IN_FRAMEWORK_HEADER = YES;
				CLANG_WARN_RANGE_LOOP_ANALYSIS = YES;
				CLANG_WARN_STRICT_PROTOTYPES = YES;
				CLANG_WARN_SUSPICIOUS_MOVE = YES;
				CLANG_WARN_UNGUARDED_AVAILABILITY = YES_AGGRESSIVE;
				CLANG_WARN_UNREACHABLE_CODE = YES;
				CLANG_WARN__DUPLICATE_METHOD_MATCH = YES;
				COPY_PHASE_STRIP = NO;
				DEBUG_INFORMATION_FORMAT = dwarf;
				ENABLE_STRICT_OBJC_MSGSEND = YES;
				ENABLE_TESTABILITY = YES;
				ENABLE_USER_SCRIPT_SANDBOXING = YES;
				GCC_C_LANGUAGE_STANDARD = gnu17;
				GCC_DYNAMIC_NO_PIC = NO;
				GCC_NO_COMMON_BLOCKS = YES;
				GCC_OPTIMIZATION_LEVEL = 0;
				GCC_PREPROCESSOR_DEFINITIONS = (
					"DEBUG=1",
					"$(inherited)",
				);
				GCC_WARN_64_TO_32_BIT_CONVERSION = YES;
				GCC_WARN_ABOUT_RETURN_TYPE = YES_ERROR;
				GCC_WARN_UNDECLARED_SELECTOR = YES;
				GCC_WARN_UNINITIALIZED_AUTOS = YES_AGGRESSIVE;
				GCC_WARN_UNUSED_FUNCTION = YES;
				GCC_WARN_UNUSED_VARIABLE = YES;
				IPHONEOS_DEPLOYMENT_TARGET = 18.0;
				LOCALIZATION_PREFERS_STRING_CATALOGS = YES;
				MTL_ENABLE_DEBUG_INFO = INCLUDE_SOURCE;
				MTL_FAST_MATH = YES;
				ONLY_ACTIVE_ARCH = YES;
				SDKROOT = iphoneos;
				SWIFT_ACTIVE_COMPILATION_CONDITIONS = "DEBUG $(inherited)";
				SWIFT_OPTIMIZATION_LEVEL = "-Onone";
			};
			name = Debug;
		};
		48AC48C32CCF562E00183D55 /* Release */ = {
			isa = XCBuildConfiguration;
			buildSettings = {
				ALWAYS_SEARCH_USER_PATHS = NO;
				ASSETCATALOG_COMPILER_GENERATE_SWIFT_ASSET_SYMBOL_EXTENSIONS = YES;
				CLANG_ANALYZER_NONNULL = YES;
				CLANG_ANALYZER_NUMBER_OBJECT_CONVERSION = YES_AGGRESSIVE;
				CLANG_CXX_LANGUAGE_STANDARD = "gnu++20";
				CLANG_ENABLE_MODULES = YES;
				CLANG_ENABLE_OBJC_ARC = YES;
				CLANG_ENABLE_OBJC_WEAK = YES;
				CLANG_WARN_BLOCK_CAPTURE_AUTORELEASING = YES;
				CLANG_WARN_BOOL_CONVERSION = YES;
				CLANG_WARN_COMMA = YES;
				CLANG_WARN_CONSTANT_CONVERSION = YES;
				CLANG_WARN_DEPRECATED_OBJC_IMPLEMENTATIONS = YES;
				CLANG_WARN_DIRECT_OBJC_ISA_USAGE = YES_ERROR;
				CLANG_WARN_DOCUMENTATION_COMMENTS = YES;
				CLANG_WARN_EMPTY_BODY = YES;
				CLANG_WARN_ENUM_CONVERSION = YES;
				CLANG_WARN_INFINITE_RECURSION = YES;
				CLANG_WARN_INT_CONVERSION = YES;
				CLANG_WARN_NON_LITERAL_NULL_CONVERSION = YES;
				CLANG_WARN_OBJC_IMPLICIT_RETAIN_SELF = YES;
				CLANG_WARN_OBJC_LITERAL_CONVERSION = YES;
				CLANG_WARN_OBJC_ROOT_CLASS = YES_ERROR;
				CLANG_WARN_QUOTED_INCLUDE_IN_FRAMEWORK_HEADER = YES;
				CLANG_WARN_RANGE_LOOP_ANALYSIS = YES;
				CLANG_WARN_STRICT_PROTOTYPES = YES;
				CLANG_WARN_SUSPICIOUS_MOVE = YES;
				CLANG_WARN_UNGUARDED_AVAILABILITY = YES_AGGRESSIVE;
				CLANG_WARN_UNREACHABLE_CODE = YES;
				CLANG_WARN__DUPLICATE_METHOD_MATCH = YES;
				COPY_PHASE_STRIP = NO;
				DEBUG_INFORMATION_FORMAT = "dwarf-with-dsym";
				ENABLE_NS_ASSERTIONS = NO;
				ENABLE_STRICT_OBJC_MSGSEND = YES;
				ENABLE_USER_SCRIPT_SANDBOXING = YES;
				GCC_C_LANGUAGE_STANDARD = gnu17;
				GCC_NO_COMMON_BLOCKS = YES;
				GCC_WARN_64_TO_32_BIT_CONVERSION = YES;
				GCC_WARN_ABOUT_RETURN_TYPE = YES_ERROR;
				GCC_WARN_UNDECLARED_SELECTOR = YES;
				GCC_WARN_UNINITIALIZED_AUTOS = YES_AGGRESSIVE;
				GCC_WARN_UNUSED_FUNCTION = YES;
				GCC_WARN_UNUSED_VARIABLE = YES;
				IPHONEOS_DEPLOYMENT_TARGET = 18.0;
				LOCALIZATION_PREFERS_STRING_CATALOGS = YES;
				MTL_ENABLE_DEBUG_INFO = NO;
				MTL_FAST_MATH = YES;
				SDKROOT = iphoneos;
				SWIFT_COMPILATION_MODE = wholemodule;
				VALIDATE_PRODUCT = YES;
			};
			name = Release;
		};
		48AC48C52CCF562E00183D55 /* Debug */ = {
			isa = XCBuildConfiguration;
			buildSettings = {
				ASSETCATALOG_COMPILER_APPICON_NAME = AppIcon;
				ASSETCATALOG_COMPILER_GLOBAL_ACCENT_COLOR_NAME = AccentColor;
				CODE_SIGN_STYLE = Automatic;
				CURRENT_PROJECT_VERSION = 1;
				DEVELOPMENT_ASSET_PATHS = "\"Hello Swift UI/Preview Content\"";
				ENABLE_PREVIEWS = YES;
				GENERATE_INFOPLIST_FILE = YES;
				INFOPLIST_KEY_UIApplicationSceneManifest_Generation = YES;
				INFOPLIST_KEY_UIApplicationSupportsIndirectInputEvents = YES;
				INFOPLIST_KEY_UILaunchScreen_Generation = YES;
				INFOPLIST_KEY_UISupportedInterfaceOrientations_iPad = "UIInterfaceOrientationPortrait UIInterfaceOrientationPortraitUpsideDown UIInterfaceOrientationLandscapeLeft UIInterfaceOrientationLandscapeRight";
				INFOPLIST_KEY_UISupportedInterfaceOrientations_iPhone = "UIInterfaceOrientationPortrait UIInterfaceOrientationLandscapeLeft UIInterfaceOrientationLandscapeRight";
				LD_RUNPATH_SEARCH_PATHS = (
					"$(inherited)",
					"@executable_path/Frameworks",
				);
				MARKETING_VERSION = 1.0;
				PRODUCT_BUNDLE_IDENTIFIER = "com.aliozanoguz.Hello-Swift-UI";
				PRODUCT_NAME = "$(TARGET_NAME)";
				SWIFT_EMIT_LOC_STRINGS = YES;
				SWIFT_VERSION = 5.0;
				TARGETED_DEVICE_FAMILY = "1,2";
			};
			name = Debug;
		};
		48AC48C62CCF562E00183D55 /* Release */ = {
			isa = XCBuildConfiguration;
			buildSettings = {
				ASSETCATALOG_COMPILER_APPICON_NAME = AppIcon;
				ASSETCATALOG_COMPILER_GLOBAL_ACCENT_COLOR_NAME = AccentColor;
				CODE_SIGN_STYLE = Automatic;
				CURRENT_PROJECT_VERSION = 1;
				DEVELOPMENT_ASSET_PATHS = "\"Hello Swift UI/Preview Content\"";
				ENABLE_PREVIEWS = YES;
				GENERATE_INFOPLIST_FILE = YES;
				INFOPLIST_KEY_UIApplicationSceneManifest_Generation = YES;
				INFOPLIST_KEY_UIApplicationSupportsIndirectInputEvents = YES;
				INFOPLIST_KEY_UILaunchScreen_Generation = YES;
				INFOPLIST_KEY_UISupportedInterfaceOrientations_iPad = "UIInterfaceOrientationPortrait UIInterfaceOrientationPortraitUpsideDown UIInterfaceOrientationLandscapeLeft UIInterfaceOrientationLandscapeRight";
				INFOPLIST_KEY_UISupportedInterfaceOrientations_iPhone = "UIInterfaceOrientationPortrait UIInterfaceOrientationLandscapeLeft UIInterfaceOrientationLandscapeRight";
				LD_RUNPATH_SEARCH_PATHS = (
					"$(inherited)",
					"@executable_path/Frameworks",
				);
				MARKETING_VERSION = 1.0;
				PRODUCT_BUNDLE_IDENTIFIER = "com.aliozanoguz.Hello-Swift-UI";
				PRODUCT_NAME = "$(TARGET_NAME)";
				SWIFT_EMIT_LOC_STRINGS = YES;
				SWIFT_VERSION = 5.0;
				TARGETED_DEVICE_FAMILY = "1,2";
			};
			name = Release;
		};
		48AC48C82CCF562E00183D55 /* Debug */ = {
			isa = XCBuildConfiguration;
			buildSettings = {
				BUNDLE_LOADER = "$(TEST_HOST)";
				CODE_SIGN_STYLE = Automatic;
				CURRENT_PROJECT_VERSION = 1;
				GENERATE_INFOPLIST_FILE = YES;
				IPHONEOS_DEPLOYMENT_TARGET = 18.0;
				MARKETING_VERSION = 1.0;
				PRODUCT_BUNDLE_IDENTIFIER = "com.aliozanoguz.Hello-Swift-UITests";
				PRODUCT_NAME = "$(TARGET_NAME)";
				SWIFT_EMIT_LOC_STRINGS = NO;
				SWIFT_VERSION = 5.0;
				TARGETED_DEVICE_FAMILY = "1,2";
				TEST_HOST = "$(BUILT_PRODUCTS_DIR)/Hello Swift UI.app/$(BUNDLE_EXECUTABLE_FOLDER_PATH)/Hello Swift UI";
			};
			name = Debug;
		};
		48AC48C92CCF562E00183D55 /* Release */ = {
			isa = XCBuildConfiguration;
			buildSettings = {
				BUNDLE_LOADER = "$(TEST_HOST)";
				CODE_SIGN_STYLE = Automatic;
				CURRENT_PROJECT_VERSION = 1;
				GENERATE_INFOPLIST_FILE = YES;
				IPHONEOS_DEPLOYMENT_TARGET = 18.0;
				MARKETING_VERSION = 1.0;
				PRODUCT_BUNDLE_IDENTIFIER = "com.aliozanoguz.Hello-Swift-UITests";
				PRODUCT_NAME = "$(TARGET_NAME)";
				SWIFT_EMIT_LOC_STRINGS = NO;
				SWIFT_VERSION = 5.0;
				TARGETED_DEVICE_FAMILY = "1,2";
				TEST_HOST = "$(BUILT_PRODUCTS_DIR)/Hello Swift UI.app/$(BUNDLE_EXECUTABLE_FOLDER_PATH)/Hello Swift UI";
			};
			name = Release;
		};
		48AC48CB2CCF562E00183D55 /* Debug */ = {
			isa = XCBuildConfiguration;
			buildSettings = {
				CODE_SIGN_STYLE = Automatic;
				CURRENT_PROJECT_VERSION = 1;
				GENERATE_INFOPLIST_FILE = YES;
				MARKETING_VERSION = 1.0;
				PRODUCT_BUNDLE_IDENTIFIER = "com.aliozanoguz.Hello-Swift-UIUITests";
				PRODUCT_NAME = "$(TARGET_NAME)";
				SWIFT_EMIT_LOC_STRINGS = NO;
				SWIFT_VERSION = 5.0;
				TARGETED_DEVICE_FAMILY = "1,2";
				TEST_TARGET_NAME = "Hello Swift UI";
			};
			name = Debug;
		};
		48AC48CC2CCF562E00183D55 /* Release */ = {
			isa = XCBuildConfiguration;
			buildSettings = {
				CODE_SIGN_STYLE = Automatic;
				CURRENT_PROJECT_VERSION = 1;
				GENERATE_INFOPLIST_FILE = YES;
				MARKETING_VERSION = 1.0;
				PRODUCT_BUNDLE_IDENTIFIER = "com.aliozanoguz.Hello-Swift-UIUITests";
				PRODUCT_NAME = "$(TARGET_NAME)";
				SWIFT_EMIT_LOC_STRINGS = NO;
				SWIFT_VERSION = 5.0;
				TARGETED_DEVICE_FAMILY = "1,2";
				TEST_TARGET_NAME = "Hello Swift UI";
			};
			name = Release;
		};
/* End XCBuildConfiguration section */

/* Begin XCConfigurationList section */
		48AC489B2CCF562B00183D55 /* Build configuration list for PBXProject "Hello Swift UI" */ = {
			isa = XCConfigurationList;
			buildConfigurations = (
				48AC48C22CCF562E00183D55 /* Debug */,
				48AC48C32CCF562E00183D55 /* Release */,
			);
			defaultConfigurationIsVisible = 0;
			defaultConfigurationName = Release;
		};
		48AC48C42CCF562E00183D55 /* Build configuration list for PBXNativeTarget "Hello Swift UI" */ = {
			isa = XCConfigurationList;
			buildConfigurations = (
				48AC48C52CCF562E00183D55 /* Debug */,
				48AC48C62CCF562E00183D55 /* Release */,
			);
			defaultConfigurationIsVisible = 0;
			defaultConfigurationName = Release;
		};
		48AC48C72CCF562E00183D55 /* Build configuration list for PBXNativeTarget "Hello Swift UITests" */ = {
			isa = XCConfigurationList;
			buildConfigurations = (
				48AC48C82CCF562E00183D55 /* Debug */,
				48AC48C92CCF562E00183D55 /* Release */,
			);
			defaultConfigurationIsVisible = 0;
			defaultConfigurationName = Release;
		};
		48AC48CA2CCF562E00183D55 /* Build configuration list for PBXNativeTarget "Hello Swift UIUITests" */ = {
			isa = XCConfigurationList;
			buildConfigurations = (
				48AC48CB2CCF562E00183D55 /* Debug */,
				48AC48CC2CCF562E00183D55 /* Release */,
			);
			defaultConfigurationIsVisible = 0;
			defaultConfigurationName = Release;
		};
/* End XCConfigurationList section */
	};
	rootObject = 48AC48982CCF562B00183D55 /* Project object */;
}
